# SHA-256, destination filename, immutable release URL.
c4d466f579ec91ef3dd51c01fbdcab3aa8cf98009489c229abe4c823a4dbaea1 LifeStealZ-2.21.1.jar https://github.com/ZetaPlugins/LifeStealZ/releases/download/2.21.1/lifestealz-2.21.1.jar
17cc5ff629a19306d0fd23b1b56b28e6c278223600ea0ccdc9b1e448b98103f4 ConditionalEvents-4.79.2.jar https://cdn.modrinth.com/data/4EEcEnDG/versions/pdCorIh0/ConditionalEvents-4.79.2.jar
699dad5ca1c550d983ddb1f26d093fe650453c1c8071b7cd99b4e4b027cf4836 EpicSafePvp-1.39.1.jar https://cdn.modrinth.com/data/J05g8YFV/versions/WfL987R7/EpicSafePvp-1.39.1.jar
493570bd80e741f96299c5399756a43e9ef9a14748b313d1c90fbdf105f9369b ItemLimiter-1.1.0.jar https://cdn.modrinth.com/data/WToVS6jo/versions/xUkPTVYX/ItemLimiter-v1.1.0.jar
770cc538cb6667375b79b1dd00dfd842a22d7ea8d783138d85ea0adf2fe71a51 ItemBlocker-1.1.3.jar https://hangarcdn.papermc.io/plugins/kuqk/ItemBlocker/versions/1.1.3/PAPER/ItemBlocker-1.1.3.jar
fadfa0814673afba0de7a1aeee42ed23a2da1ceac512e3f83698b3d260ab5f7c CartLimiter-1.7.jar https://cdn.modrinth.com/data/j2g3fqUV/versions/t8bMoUaC/cartlimiter-1.7.jar
73178e962c2a311a414e03f34f8b09dbde98e9af8e7a7db71dc87741315d814c DisableRiptide-1.0.0.jar https://cdn.modrinth.com/data/eDG3uII7/versions/8Eg805KL/disable-riptide-1.0.0.jar
7bc351744a5d43d282074c4b9daf3388be78777c142b805e2a9dadb5c96b5c12 ForceXaeroFairPlay-2.4.0.jar https://cdn.modrinth.com/data/CI6phJXg/versions/1KEEtM1k/forcexaerofairplay-2.4.0.jar
0f56b71517a0a48729fe7ca3a5d209430c5327b5a83acaef92b1b2e2e734454f InstaRestock-1.1.1.jar https://cdn.modrinth.com/data/5kZMR4tZ/versions/9aDqsDK3/InstaRestock-1.1.1.jar
6156349aee8a26f5bbfc03a80172783d6175e6a3539b9532a6ed9c85c8def985 Denizen-1.3.2-b7279-DEV.jar https://ci.citizensnpcs.co/job/Denizen_Developmental/7279/artifact/target/Denizen-1.3.2-b7279-DEV.jar
fde03259f5af6938f3c33eeb4d814000a1adabf1d2304ce14970be81f609a437 PlaceholderAPI-2.12.3.jar https://cdn.modrinth.com/data/lKEzGugV/versions/pIvQcXW8/PlaceholderAPI-2.12.3.jar
66cd362089bb8430e5a018ee77e9b433bf0dc9e65590d5f1a043a78d60415696 CoreProtect-CE-24.0.jar https://cdn.modrinth.com/data/Lu3KuzdV/versions/Kma0kBsY/CoreProtect-CE-24.0.jar
be21741d9c70f5124118281d009b1a83165a211f53af10dad4b3196ff53c97ed GrimAC-2.3.74-2614909.jar https://cdn.modrinth.com/data/LJNGWSvH/versions/fbt7nJt5/grimac-bukkit-2.3.74-2614909.jar
89db76c8e3e674238f5eee2bb7a9e9a2beeba0760bbd1b86494778e8a5a52f70 ViaVersion-5.11.0.jar https://cdn.modrinth.com/data/P1OZGk5p/versions/ZH8459B6/ViaVersion-5.11.0.jar
530d2c7430a96a39957391b7088be144daa3108f7665896d1c23aa8dd4af32f3 Chunky-1.5.3.jar https://cdn.modrinth.com/data/fALzjamp/versions/MdY6JATr/Chunky-Bukkit-1.5.3.jar
